// !$*UTF8*$!
{
	archiveVersion = 1;
	classes = {
	};
	objectVersion = 46;
	objects = {

/* Begin PBXBuildFile section */
		8B7A8B2F1D590DE5002AF119 /* AppDelegate.swift in Sources */ = {isa = PBXBuildFile; fileRef = 8B7A8B2E1D590DE5002AF119 /* AppDelegate.swift */; };
		8B7A8B311D590DE5002AF119 /* ViewController.swift in Sources */ = {isa = PBXBuildFile; fileRef = 8B7A8B301D590DE5002AF119 /* ViewController.swift */; };
		8B7A8B341D590DE5002AF119 /* Main.storyboard in Resources */ = {isa = PBXBuildFile; fileRef = 8B7A8B321D590DE5002AF119 /* Main.storyboard */; };
		8B7A8B361D590DE5002AF119 /* Assets.xcassets in Resources */ = {isa = PBXBuildFile; fileRef = 8B7A8B351D590DE5002AF119 /* Assets.xcassets */; };
		8B7A8B391D590DE5002AF119 /* LaunchScreen.storyboard in Resources */ = {isa = PBXBuildFile; fileRef = 8B7A8B371D590DE5002AF119 /* LaunchScreen.storyboard */; };
/* End PBXBuildFile section */

/* Begin PBXFileReference section */
		8B7A8B2B1D590DE5002AF119 /* GitHubTestSend.app */ = {isa = PBXFileReference; explicitFileType = wrapper.application; includeInIndex = 0; path = GitHubTestSend.app; sourceTree = BUILT_PRODUCTS_DIR; };
		8B7A8B2E1D590DE5002AF119 /* AppDelegate.swift */ = {isa = PBXFileReference; lastKnownFileType = sourcecode.swift; path = AppDelegate.swift; sourceTree = "<group>"; };
		8B7A8B301D590DE5002AF119 /* ViewController.swift */ = {isa = PBXFileReference; lastKnownFileType = sourcecode.swift; path = ViewController.swift; sourceTree = "<group>"; };
		8B7A8B331D590DE5002AF119 /* Base */ = {isa = PBXFileReference; lastKnownFileType = file.storyboard; name = Base; path = Base.lproj/Main.storyboard; sourceTree = "<group>"; };
		8B7A8B351D590DE5002AF119 /* Assets.xcassets */ = {isa = PBXFileReference; lastKnownFileType = folder.assetcatalog; path = Assets.xcassets; sourceTree = "<group>"; };
		8B7A8B381D590DE5002AF119 /* Base */ = {isa = PBXFileReference; lastKnownFileType = file.storyboard; name = Base; path = Base.lproj/LaunchScreen.storyboard; sourceTree = "<group>"; };
		8B7A8B3A1D590DE5002AF119 /* Info.plist */ = {isa = PBXFileReference; lastKnownFileType = text.plist.xml; path = Info.plist; sourceTree = "<group>"; };
/* End PBXFileReference section */

/* Begin PBXFrameworksBuildPhase section */
		8B7A8B281D590DE5002AF119 /* Frameworks */ = {
			isa = PBXFrameworksBuildPhase;
			buildActionMask = 2147483647;
			files = (
			);
			runOnlyForDeploymentPostprocessing = 0;
		};
/* End PBXFrameworksBuildPhase section */

/* Begin PBXGroup section */
		8B7A8B221D590DE4002AF119 = {
			isa = PBXGroup;
			children = (
				8B7A8B2D1D590DE5002AF119 /* GitHubTestSend */,
				8B7A8B2C1D590DE5002AF119 /* Products */,
			);
			sourceTree = "<group>";
		};
		8B7A8B2C1D590DE5002AF119 /* Products */ = {
			isa = PBXGroup;
			children = (
				8B7A8B2B1D590DE5002AF119 /* GitHubTestSend.app */,
			);
			name = Products;
			sourceTree = "<group>";
		};
		8B7A8B2D1D590DE5002AF119 /* GitHubTestSend */ = {
			isa = PBXGroup;
			children = (
				8B7A8B2E1D590DE5002AF119 /* AppDelegate.swift */,
				8B7A8B301D590DE5002AF119 /* ViewController.swift */,
				8B7A8B321D590DE5002AF119 /* Main.storyboard */,
				8B7A8B351D590DE5002AF119 /* Assets.xcassets */,
				8B7A8B371D590DE5002AF119 /* LaunchScreen.storyboard */,
				8B7A8B3A1D590DE5002AF119 /* Info.plist */,
			);
			path = GitHubTestSend;
			sourceTree = "<group>";
		};
/* End PBXGroup section */

/* Begin PBXNativeTarget section */
		8B7A8B2A1D590DE5002AF119 /* GitHubTestSend */ = {
			isa = PBXNativeTarget;
			buildConfigurationList = 8B7A8B3D1D590DE5002AF119 /* Build configuration list for PBXNativeTarget "GitHubTestSend" */;
			buildPhases = (
				8B7A8B271D590DE5002AF119 /* Sources */,
				8B7A8B281D590DE5002AF119 /* Frameworks */,
				8B7A8B291D590DE5002AF119 /* Resources */,
			);
			buildRules = (
			);
			dependencies = (
			);
			name = GitHubTestSend;
			productName = GitHubTestSend;
			productReference = 8B7A8B2B1D590DE5002AF119 /* GitHubTestSend.app */;
			productType = "com.apple.product-type.application";
		};
/* End PBXNativeTarget section */

/* Begin PBXProject section */
		8B7A8B231D590DE4002AF119 /* Project object */ = {
			isa = PBXProject;
			attributes = {
				LastSwiftUpdateCheck = 0800;
				LastUpgradeCheck = 0800;
				ORGANIZATIONNAME = "Eric Wilson";
				TargetAttributes = {
					8B7A8B2A1D590DE5002AF119 = {
						CreatedOnToolsVersion = 8.0;
						ProvisioningStyle = Automatic;
					};
				};
			};
			buildConfigurationList = 8B7A8B261D590DE4002AF119 /* Build configuration list for PBXProject "GitHubTestSend" */;
			compatibilityVersion = "Xcode 3.2";
			developmentRegion = English;
			hasScannedForEncodings = 0;
			knownRegions = (
				en,
				Base,
			);
			mainGroup = 8B7A8B221D590DE4002AF119;
			productRefGroup = 8B7A8B2C1D590DE5002AF119 /* Products */;
			projectDirPath = "";
			projectRoot = "";
			targets = (
				8B7A8B2A1D590DE5002AF119 /* GitHubTestSend */,
			);
		};
/* End PBXProject section */

/* Begin PBXResourcesBuildPhase section */
		8B7A8B291D590DE5002AF119 /* Resources */ = {
			isa = PBXResourcesBuildPhase;
			buildActionMask = 2147483647;
			files = (
				8B7A8B391D590DE5002AF119 /* LaunchScreen.storyboard in Resources */,
				8B7A8B361D590DE5002AF119 /* Assets.xcassets in Resources */,
				8B7A8B341D590DE5002AF119 /* Main.storyboard in Resources */,
			);
			runOnlyForDeploymentPostprocessing = 0;
		};
/* End PBXResourcesBuildPhase section */

/* Begin PBXSourcesBuildPhase section */
		8B7A8B271D590DE5002AF119 /* Sources */ = {
			isa = PBXSourcesBuildPhase;
			buildActionMask = 2147483647;
			files = (
				8B7A8B311D590DE5002AF119 /* ViewController.swift in Sources */,
				8B7A8B2F1D590DE5002AF119 /* AppDelegate.swift in Sources */,
			);
			runOnlyForDeploymentPostprocessing = 0;
		};
/* End PBXSourcesBuildPhase section */

/* Begin PBXVariantGroup section */
		8B7A8B321D590DE5002AF119 /* Main.storyboard */ = {
			isa = PBXVariantGroup;
			children = (
				8B7A8B331D590DE5002AF119 /* Base */,
			);
			name = Main.storyboard;
			sourceTree = "<group>";
		};
		8B7A8B371D590DE5002AF119 /* LaunchScreen.storyboard */ = {
			isa = PBXVariantGroup;
			children = (
				8B7A8B381D590DE5002AF119 /* Base */,
			);
			name = LaunchScreen.storyboard;
			sourceTree = "<group>";
		};
/* End PBXVariantGroup section */

/* Begin XCBuildConfiguration section */
		8B7A8B3B1D590DE5002AF119 /* Debug */ = {
			isa = XCBuildConfiguration;
			buildSettings = {
				ALWAYS_SEARCH_USER_PATHS = NO;
				CLANG_ANALYZER_NONNULL = YES;
				CLANG_CXX_LANGUAGE_STANDARD = "gnu++0x";
				CLANG_CXX_LIBRARY = "libc++";
				CLANG_ENABLE_MODULES = YES;
				CLANG_ENABLE_OBJC_ARC = YES;
				CLANG_WARN_BOOL_CONVERSION = YES;
				CLANG_WARN_CONSTANT_CONVERSION = YES;
				CLANG_WARN_DIRECT_OBJC_ISA_USAGE = YES_ERROR;
				CLANG_WARN_DOCUMENTATION_COMMENTS = YES;
				CLANG_WARN_EMPTY_BODY = YES;
				CLANG_WARN_ENUM_CONVERSION = YES;
				CLANG_WARN_INFINITE_RECURSION = YES;
				CLANG_WARN_INT_CONVERSION = YES;
				CLANG_WARN_OBJC_ROOT_CLASS = YES_ERROR;
				CLANG_WARN_SUSPICIOUS_MOVES = YES;
				CLANG_WARN_UNREACHABLE_CODE = YES;
				CLANG_WARN__DUPLICATE_METHOD_MATCH = YES;
				"CODE_SIGN_IDENTITY[sdk=iphoneos*]" = "iPhone Developer";
				COPY_PHASE_STRIP = NO;
				DEBUG_INFORMATION_FORMAT = dwarf;
				ENABLE_STRICT_OBJC_MSGSEND = YES;
				ENABLE_TESTABILITY = YES;
				GCC_C_LANGUAGE_STANDARD = gnu99;
				GCC_DYNAMIC_NO_PIC = NO;
				GCC_NO_COMMON_BLOCKS = YES;
				GCC_OPTIMIZATION_LEVEL = 0;
				GCC_PREPROCESSOR_DEFINITIONS = (
					"DEBUG=1",
					"$(inherited)",
				);
				GCC_WARN_64_TO_32_BIT_CONVERSION = YES;
				GCC_WARN_ABOUT_RETURN_TYPE = YES_ERROR;
				GCC_WARN_UNDECLARED_SELECTOR = YES;
				GCC_WARN_UNINITIALIZED_AUTOS = YES_AGGRESSIVE;
				GCC_WARN_UNUSED_FUNCTION = YES;
				GCC_WARN_UNUSED_VARIABLE = YES;
				IPHONEOS_DEPLOYMENT_TARGET = 10.0;
				MTL_ENABLE_DEBUG_INFO = YES;
				ONLY_ACTIVE_ARCH = YES;
				SDKROOT = iphoneos;
				SWIFT_ACTIVE_COMPILATION_CONDITIONS = DEBUG;
				SWIFT_OPTIMIZATION_LEVEL = "-Onone";
			};
			name = Debug;
		};
		8B7A8B3C1D590DE5002AF119 /* Release */ = {
			isa = XCBuildConfiguration;
			buildSettings = {
				ALWAYS_SEARCH_USER_PATHS = NO;
				CLANG_ANALYZER_NONNULL = YES;
				CLANG_CXX_LANGUAGE_STANDARD = "gnu++0x";
				CLANG_CXX_LIBRARY = "libc++";
				CLANG_ENABLE_MODULES = YES;
				CLANG_ENABLE_OBJC_ARC = YES;
				CLANG_WARN_BOOL_CONVERSION = YES;
				CLANG_WARN_CONSTANT_CONVERSION = YES;
				CLANG_WARN_DIRECT_OBJC_ISA_USAGE = YES_ERROR;
				CLANG_WARN_DOCUMENTATION_COMMENTS = YES;
				CLANG_WARN_EMPTY_BODY = YES;
				CLANG_WARN_ENUM_CONVERSION = YES;
				CLANG_WARN_INFINITE_RECURSION = YES;
				CLANG_WARN_INT_CONVERSION = YES;
				CLANG_WARN_OBJC_ROOT_CLASS = YES_ERROR;
				CLANG_WARN_SUSPICIOUS_MOVES = YES;
				CLANG_WARN_UNREACHABLE_CODE = YES;
				CLANG_WARN__DUPLICATE_METHOD_MATCH = YES;
				"CODE_SIGN_IDENTITY[sdk=iphoneos*]" = "iPhone Developer";
				COPY_PHASE_STRIP = NO;
				DEBUG_INFORMATION_FORMAT = "dwarf-with-dsym";
				ENABLE_NS_ASSERTIONS = NO;
				ENABLE_STRICT_OBJC_MSGSEND = YES;
				GCC_C_LANGUAGE_STANDARD = gnu99;
				GCC_NO_COMMON_BLOCKS = YES;
				GCC_WARN_64_TO_32_BIT_CONVERSION = YES;
				GCC_WARN_ABOUT_RETURN_TYPE = YES_ERROR;
				GCC_WARN_UNDECLARED_SELECTOR = YES;
				GCC_WARN_UNINITIALIZED_AUTOS = YES_AGGRESSIVE;
				GCC_WARN_UNUSED_FUNCTION = YES;
				GCC_WARN_UNUSED_VARIABLE = YES;
				IPHONEOS_DEPLOYMENT_TARGET = 10.0;
				MTL_ENABLE_DEBUG_INFO = NO;
				SDKROOT = iphoneos;
				SWIFT_OPTIMIZATION_LEVEL = "-Owholemodule";
				VALIDATE_PRODUCT = YES;
			};
			name = Release;
		};
		8B7A8B3E1D590DE5002AF119 /* Debug */ = {
			isa = XCBuildConfiguration;
			buildSettings = {
				ASSETCATALOG_COMPILER_APPICON_NAME = AppIcon;
				INFOPLIST_FILE = GitHubTestSend/Info.plist;
				LD_RUNPATH_SEARCH_PATHS = "$(inherited) @executable_path/Frameworks";
				PRODUCT_BUNDLE_IDENTIFIER = Com.WilsonTech.GitHubTestSend;
				PRODUCT_NAME = "$(TARGET_NAME)";
				SWIFT_VERSION = 3.0;
			};
			name = Debug;
		};
		8B7A8B3F1D590DE5002AF119 /* Release */ = {
			isa = XCBuildConfiguration;
			buildSettings = {
				ASSETCATALOG_COMPILER_APPICON_NAME = AppIcon;
				INFOPLIST_FILE = GitHubTestSend/Info.plist;
				LD_RUNPATH_SEARCH_PATHS = "$(inherited) @executable_path/Frameworks";
				PRODUCT_BUNDLE_IDENTIFIER = Com.WilsonTech.GitHubTestSend;
				PRODUCT_NAME = "$(TARGET_NAME)";
				SWIFT_VERSION = 3.0;
			};
			name = Release;
		};
/* End XCBuildConfiguration section */

/* Begin XCConfigurationList section */
		8B7A8B261D590DE4002AF119 /* Build configuration list for PBXProject "GitHubTestSend" */ = {
			isa = XCConfigurationList;
			buildConfigurations = (
				8B7A8B3B1D590DE5002AF119 /* Debug */,
				8B7A8B3C1D590DE5002AF119 /* Release */,
			);
			defaultConfigurationIsVisible = 0;
			defaultConfigurationName = Release;
		};
		8B7A8B3D1D590DE5002AF119 /* Build configuration list for PBXNativeTarget "GitHubTestSend" */ = {
			isa = XCConfigurationList;
			buildConfigurations = (
				8B7A8B3E1D590DE5002AF119 /* Debug */,
				8B7A8B3F1D590DE5002AF119 /* Release */,
			);
			defaultConfigurationIsVisible = 0;
		};
/* End XCConfigurationList section */
	};
	rootObject = 8B7A8B231D590DE4002AF119 /* Project object */;
}
